
Microsoft Visual Studio Solution File, Format Version 12.00
Project("{FAE04EC0-301F-11D3-BF4B-00C04F79EFBC}") = "Program", "Program\Program.csproj", "{0A976F33-F51A-4FAA-B629-B3AC3FEDD988}"
EndProject
Project("{FAE04EC0-301F-11D3-BF4B-00C04F79EFBC}") = "HollywoodPrinciple", "HollywoodPrinciple\HollywoodPrinciple.csproj", "{D9D25B50-2DAF-4D94-B978-E2BA91C117F6}"
EndProject
Project("{FAE04EC0-301F-11D3-BF4B-00C04F79EFBC}") = "Iterator", "Iterator\Iterator.csproj", "{03959B87-CD71-4735-8DEC-81152CD15692}"
EndProject
Project("{FAE04EC0-301F-11D3-BF4B-00C04F79EFBC}") = "Factory", "Factory\Factory.csproj", "{65B4B7FB-366C-4457-9E45-2F4B432B150B}"
EndProject
Project("{FAE04EC0-301F-11D3-BF4B-00C04F79EFBC}") = "ChainOfResponsibilities", "ChainOfResponsibilities\ChainOfResponsibilities.csproj", "{4EFC4542-A898-4CE2-BAFE-48C8A027917F}"
EndProject
Project("{FAE04EC0-301F-11D3-BF4B-00C04F79EFBC}") = "Command", "Command\Command.csproj", "{9D085A3B-F42F-4D02-AD09-7E4B63C8BB9B}"
EndProject
Project("{FAE04EC0-301F-11D3-BF4B-00C04F79EFBC}") = "Interpreter", "Interpreter\Interpreter.csproj", "{F5EE8770-3074-4918-99A8-5497A505C007}"
EndProject
Project("{FAE04EC0-301F-11D3-BF4B-00C04F79EFBC}") = "Composite", "Composite\Composite.csproj", "{5A46446F-EF54-4784-B085-AE21B43788CF}"
EndProject
Project("{FAE04EC0-301F-11D3-BF4B-00C04F79EFBC}") = "State", "State\State.csproj", "{ECFA6040-65EA-4EB9-AB4C-6A724FF96084}"
EndProject
Project("{FAE04EC0-301F-11D3-BF4B-00C04F79EFBC}") = "Mediator", "Mediator\Mediator.csproj", "{0D759E70-65BE-4137-8792-0144D6D01E8B}"
EndProject
Project("{FAE04EC0-301F-11D3-BF4B-00C04F79EFBC}") = "Memento", "Memento\Memento.csproj", "{9D5FD1BC-6F0F-4E84-A536-FA81595E1398}"
EndProject
Project("{FAE04EC0-301F-11D3-BF4B-00C04F79EFBC}") = "Observer", "Observer\Observer.csproj", "{96EFD581-2138-4F88-A9EF-4FA8D8C92A30}"
EndProject
Global
	GlobalSection(SolutionConfigurationPlatforms) = preSolution
		Debug|Any CPU = Debug|Any CPU
		Release|Any CPU = Release|Any CPU
	EndGlobalSection
	GlobalSection(ProjectConfigurationPlatforms) = postSolution
		{0A976F33-F51A-4FAA-B629-B3AC3FEDD988}.Debug|Any CPU.ActiveCfg = Debug|Any CPU
		{0A976F33-F51A-4FAA-B629-B3AC3FEDD988}.Debug|Any CPU.Build.0 = Debug|Any CPU
		{0A976F33-F51A-4FAA-B629-B3AC3FEDD988}.Release|Any CPU.ActiveCfg = Release|Any CPU
		{0A976F33-F51A-4FAA-B629-B3AC3FEDD988}.Release|Any CPU.Build.0 = Release|Any CPU
		{D9D25B50-2DAF-4D94-B978-E2BA91C117F6}.Debug|Any CPU.ActiveCfg = Debug|Any CPU
		{D9D25B50-2DAF-4D94-B978-E2BA91C117F6}.Debug|Any CPU.Build.0 = Debug|Any CPU
		{D9D25B50-2DAF-4D94-B978-E2BA91C117F6}.Release|Any CPU.ActiveCfg = Release|Any CPU
		{D9D25B50-2DAF-4D94-B978-E2BA91C117F6}.Release|Any CPU.Build.0 = Release|Any CPU
		{03959B87-CD71-4735-8DEC-81152CD15692}.Debug|Any CPU.ActiveCfg = Debug|Any CPU
		{03959B87-CD71-4735-8DEC-81152CD15692}.Debug|Any CPU.Build.0 = Debug|Any CPU
		{03959B87-CD71-4735-8DEC-81152CD15692}.Release|Any CPU.ActiveCfg = Release|Any CPU
		{03959B87-CD71-4735-8DEC-81152CD15692}.Release|Any CPU.Build.0 = Release|Any CPU
		{65B4B7FB-366C-4457-9E45-2F4B432B150B}.Debug|Any CPU.ActiveCfg = Debug|Any CPU
		{65B4B7FB-366C-4457-9E45-2F4B432B150B}.Debug|Any CPU.Build.0 = Debug|Any CPU
		{65B4B7FB-366C-4457-9E45-2F4B432B150B}.Release|Any CPU.ActiveCfg = Release|Any CPU
		{65B4B7FB-366C-4457-9E45-2F4B432B150B}.Release|Any CPU.Build.0 = Release|Any CPU
		{4EFC4542-A898-4CE2-BAFE-48C8A027917F}.Debug|Any CPU.ActiveCfg = Debug|Any CPU
		{4EFC4542-A898-4CE2-BAFE-48C8A027917F}.Debug|Any CPU.Build.0 = Debug|Any CPU
		{4EFC4542-A898-4CE2-BAFE-48C8A027917F}.Release|Any CPU.ActiveCfg = Release|Any CPU
		{4EFC4542-A898-4CE2-BAFE-48C8A027917F}.Release|Any CPU.Build.0 = Release|Any CPU
		{9D085A3B-F42F-4D02-AD09-7E4B63C8BB9B}.Debug|Any CPU.ActiveCfg = Debug|Any CPU
		{9D085A3B-F42F-4D02-AD09-7E4B63C8BB9B}.Debug|Any CPU.Build.0 = Debug|Any CPU
		{9D085A3B-F42F-4D02-AD09-7E4B63C8BB9B}.Release|Any CPU.ActiveCfg = Release|Any CPU
		{9D085A3B-F42F-4D02-AD09-7E4B63C8BB9B}.Release|Any CPU.Build.0 = Release|Any CPU
		{F5EE8770-3074-4918-99A8-5497A505C007}.Debug|Any CPU.ActiveCfg = Debug|Any CPU
		{F5EE8770-3074-4918-99A8-5497A505C007}.Debug|Any CPU.Build.0 = Debug|Any CPU
		{F5EE8770-3074-4918-99A8-5497A505C007}.Release|Any CPU.ActiveCfg = Release|Any CPU
		{F5EE8770-3074-4918-99A8-5497A505C007}.Release|Any CPU.Build.0 = Release|Any CPU
		{5A46446F-EF54-4784-B085-AE21B43788CF}.Debug|Any CPU.ActiveCfg = Debug|Any CPU
		{5A46446F-EF54-4784-B085-AE21B43788CF}.Debug|Any CPU.Build.0 = Debug|Any CPU
		{5A46446F-EF54-4784-B085-AE21B43788CF}.Release|Any CPU.ActiveCfg = Release|Any CPU
		{5A46446F-EF54-4784-B085-AE21B43788CF}.Release|Any CPU.Build.0 = Release|Any CPU
		{0D759E70-65BE-4137-8792-0144D6D01E8B}.Debug|Any CPU.ActiveCfg = Debug|Any CPU
		{0D759E70-65BE-4137-8792-0144D6D01E8B}.Debug|Any CPU.Build.0 = Debug|Any CPU
		{0D759E70-65BE-4137-8792-0144D6D01E8B}.Release|Any CPU.ActiveCfg = Release|Any CPU
		{0D759E70-65BE-4137-8792-0144D6D01E8B}.Release|Any CPU.Build.0 = Release|Any CPU
		{9D5FD1BC-6F0F-4E84-A536-FA81595E1398}.Debug|Any CPU.ActiveCfg = Debug|Any CPU
		{9D5FD1BC-6F0F-4E84-A536-FA81595E1398}.Debug|Any CPU.Build.0 = Debug|Any CPU
		{9D5FD1BC-6F0F-4E84-A536-FA81595E1398}.Release|Any CPU.ActiveCfg = Release|Any CPU
		{9D5FD1BC-6F0F-4E84-A536-FA81595E1398}.Release|Any CPU.Build.0 = Release|Any CPU
		{ECFA6040-65EA-4EB9-AB4C-6A724FF96084}.Debug|Any CPU.ActiveCfg = Debug|Any CPU
		{ECFA6040-65EA-4EB9-AB4C-6A724FF96084}.Debug|Any CPU.Build.0 = Debug|Any CPU
		{ECFA6040-65EA-4EB9-AB4C-6A724FF96084}.Release|Any CPU.ActiveCfg = Release|Any CPU
		{ECFA6040-65EA-4EB9-AB4C-6A724FF96084}.Release|Any CPU.Build.0 = Release|Any CPU
		{96EFD581-2138-4F88-A9EF-4FA8D8C92A30}.Debug|Any CPU.ActiveCfg = Debug|Any CPU
		{96EFD581-2138-4F88-A9EF-4FA8D8C92A30}.Debug|Any CPU.Build.0 = Debug|Any CPU
		{96EFD581-2138-4F88-A9EF-4FA8D8C92A30}.Release|Any CPU.ActiveCfg = Release|Any CPU
		{96EFD581-2138-4F88-A9EF-4FA8D8C92A30}.Release|Any CPU.Build.0 = Release|Any CPU
	EndGlobalSection
EndGlobal
